{
    "name": "@stackline/types-pg",
    "version": "1.0.0",
    "lockfileVersion": 3,
    "requires": true,
    "packages": {
        "": {
            "name": "@stackline/types-pg",
            "version": "1.0.0",
            "license": "MIT",
            "dependencies": {
                "@types/node": "22.20.3",
                "pg-protocol": "1.16.0",
                "pg-types": "npm:@stackline/pg-types@1.0.0"
            },
            "devDependencies": {
                "typescript": "6.0.3"
            },
            "engines": {
                "node": ">=16"
            }
        },
        "node_modules/@types/node": {
            "version": "22.20.3",
            "resolved": "https://registry.npmjs.org/@types/node/-/node-22.20.3.tgz",
            "integrity": "sha512-DZmzkmwHzXrLPAXPyKNDzlIwMMUZCVacoD25ywdy5YTKGbOx/2ld+Q38Im2zJ0vBuZP5Prd3VZutKZyXwkOS8A==",
            "license": "MIT",
            "dependencies": {
                "undici-types": "~6.21.0"
            }
        },
        "node_modules/pg-protocol": {
            "version": "1.16.0",
            "resolved": "https://registry.npmjs.org/pg-protocol/-/pg-protocol-1.16.0.tgz",
            "integrity": "sha512-sILXutLVjCLjcDuOmvhX5e2Z4cS5qG/6Bu3VkpFwdf/633ElGLpEh9bgmuI5I4sqKqkifQiGyiCcx1HdtrK7tg==",
            "license": "MIT"
        },
        "node_modules/pg-types": {
            "name": "@stackline/pg-types",
            "version": "1.0.0",
            "resolved": "https://registry.npmjs.org/@stackline/pg-types/-/pg-types-1.0.0.tgz",
            "integrity": "sha512-wUWs1y6J4VadqXMeeAefjhc2r8A2kKdGDnAJxfuxQpg6fyjhPhhEVvMVpP/4q0mY69a0gVBmIQ5yjBLPcB5Irw==",
            "license": "MIT",
            "engines": {
                "node": ">=4"
            }
        },
        "node_modules/typescript": {
            "version": "6.0.3",
            "resolved": "https://registry.npmjs.org/typescript/-/typescript-6.0.3.tgz",
            "integrity": "sha512-y2TvuxSZPDyQakkFRPZHKFm+KKVqIisdg9/CZwm9ftvKXLP8NRWj38/ODjNbr43SsoXqNuAisEf1GdCxqWcdBw==",
            "dev": true,
            "license": "Apache-2.0",
            "bin": {
                "tsc": "bin/tsc",
                "tsserver": "bin/tsserver"
            },
            "engines": {
                "node": ">=14.17"
            }
        },
        "node_modules/undici-types": {
            "version": "6.21.0",
            "resolved": "https://registry.npmjs.org/undici-types/-/undici-types-6.21.0.tgz",
            "integrity": "sha512-iwDZqg0QAGrg9Rav5H4n0M64c3mkR59cJ6wQp+7C4nI0gsmExaedaYLNO44eT4AtBBwjbTiGPMlt2Md0T9H9JQ==",
            "license": "MIT"
        }
    }
}
